
Microsoft Visual Studio Solution File, Format Version 12.00
# Visual Studio 15
VisualStudioVersion = 15.0.27130.2020
MinimumVisualStudioVersion = 10.0.40219.1
Project("{FAE04EC0-301F-11D3-BF4B-00C04F79EFBC}") = "Project20172", "Project20172\Project20172.csproj", "{32CCE491-B1B7-4FAC-9E3F-79D261E920AB}"
EndProject
Global
	GlobalSection(SolutionConfigurationPlatforms) = preSolution
		Debug|Any CPU = Debug|Any CPU
		Release|Any CPU = Release|Any CPU
	EndGlobalSection
	GlobalSection(ProjectConfigurationPlatforms) = postSolution
		{32CCE491-B1B7-4FAC-9E3F-79D261E920AB}.Debug|Any CPU.ActiveCfg = Debug|Any CPU
		{32CCE491-B1B7-4FAC-9E3F-79D261E920AB}.Debug|Any CPU.Build.0 = Debug|Any CPU
		{32CCE491-B1B7-4FAC-9E3F-79D261E920AB}.Release|Any CPU.ActiveCfg = Release|Any CPU
		{32CCE491-B1B7-4FAC-9E3F-79D261E920AB}.Release|Any CPU.Build.0 = Release|Any CPU
	EndGlobalSection
	GlobalSection(SolutionProperties) = preSolution
		HideSolutionNode = FALSE
	EndGlobalSection
	GlobalSection(ExtensibilityGlobals) = postSolution
		SolutionGuid = {036A428F-3F41-4666-9590-800E74B40BAC}
	EndGlobalSection
EndGlobal
